// !$*UTF8*$!
{
	archiveVersion = 1;
	classes = {
	};
	objectVersion = 46;
	objects = {

/* Begin PBXBuildFile section */
		49E970DB88D944F1BA9E1DC0 /* libPods.a in Frameworks */ = {isa = PBXBuildFile; fileRef = 51EE3AFB35EC465E91750FBF /* libPods.a */; };
		758D207317CD54D2002241ED /* UIKit.framework in Frameworks */ = {isa = PBXBuildFile; fileRef = 758D207217CD54D2002241ED /* UIKit.framework */; };
		758D207517CD54D2002241ED /* Foundation.framework in Frameworks */ = {isa = PBXBuildFile; fileRef = 758D207417CD54D2002241ED /* Foundation.framework */; };
		758D207717CD54D2002241ED /* CoreGraphics.framework in Frameworks */ = {isa = PBXBuildFile; fileRef = 758D207617CD54D2002241ED /* CoreGraphics.framework */; };
		758D207D17CD54D2002241ED /* InfoPlist.strings in Resources */ = {isa = PBXBuildFile; fileRef = 758D207B17CD54D2002241ED /* InfoPlist.strings */; };
		758D207F17CD54D2002241ED /* main.m in Sources */ = {isa = PBXBuildFile; fileRef = 758D207E17CD54D2002241ED /* main.m */; };
		758D208317CD54D2002241ED /* AppDelegate.m in Sources */ = {isa = PBXBuildFile; fileRef = 758D208217CD54D2002241ED /* AppDelegate.m */; };
		758D209417CD559E002241ED /* MainViewController.m in Sources */ = {isa = PBXBuildFile; fileRef = 758D209317CD559E002241ED /* MainViewController.m */; };
		758D20B017CD793F002241ED /* SettingsViewController.m in Sources */ = {isa = PBXBuildFile; fileRef = 758D20AF17CD793F002241ED /* SettingsViewController.m */; };
		75BEF39E181D9D4A00972AE6 /* QuartzCore.framework in Frameworks */ = {isa = PBXBuildFile; fileRef = 75178F431812CCE10057781B /* QuartzCore.framework */; };
		75D6A957186733D600A0C7BB /* MainNavigationBar.m in Sources */ = {isa = PBXBuildFile; fileRef = 75D6A956186733D600A0C7BB /* MainNavigationBar.m */; };
		75D6A95918674C6600A0C7BB /* Social.framework in Frameworks */ = {isa = PBXBuildFile; fileRef = 75D6A95818674C6600A0C7BB /* Social.framework */; };
		75D6A97418677B4700A0C7BB /* TableViewBackgroundView.m in Sources */ = {isa = PBXBuildFile; fileRef = 75D6A97318677B4700A0C7BB /* TableViewBackgroundView.m */; };
		75D6A9791867808700A0C7BB /* Images.xcassets in Resources */ = {isa = PBXBuildFile; fileRef = 75D6A9781867808700A0C7BB /* Images.xcassets */; };
		75D6A97F18678CB100A0C7BB /* PDGesturedTableView.m in Sources */ = {isa = PBXBuildFile; fileRef = 75D6A97E18678CB100A0C7BB /* PDGesturedTableView.m */; };
		75F96EE21868C64C00C528C0 /* SettingsNavigationBar.m in Sources */ = {isa = PBXBuildFile; fileRef = 75F96EE11868C64C00C528C0 /* SettingsNavigationBar.m */; };
/* End PBXBuildFile section */

/* Begin PBXFileReference section */
		51EE3AFB35EC465E91750FBF /* libPods.a */ = {isa = PBXFileReference; explicitFileType = archive.ar; includeInIndex = 0; path = libPods.a; sourceTree = BUILT_PRODUCTS_DIR; };
		75178F431812CCE10057781B /* QuartzCore.framework */ = {isa = PBXFileReference; lastKnownFileType = wrapper.framework; name = QuartzCore.framework; path = System/Library/Frameworks/QuartzCore.framework; sourceTree = SDKROOT; };
		758D206F17CD54D2002241ED /* PDGesturedTableView.app */ = {isa = PBXFileReference; explicitFileType = wrapper.application; includeInIndex = 0; path = PDGesturedTableView.app; sourceTree = BUILT_PRODUCTS_DIR; };
		758D207217CD54D2002241ED /* UIKit.framework */ = {isa = PBXFileReference; lastKnownFileType = wrapper.framework; name = UIKit.framework; path = System/Library/Frameworks/UIKit.framework; sourceTree = SDKROOT; };
		758D207417CD54D2002241ED /* Foundation.framework */ = {isa = PBXFileReference; lastKnownFileType = wrapper.framework; name = Foundation.framework; path = System/Library/Frameworks/Foundation.framework; sourceTree = SDKROOT; };
		758D207617CD54D2002241ED /* CoreGraphics.framework */ = {isa = PBXFileReference; lastKnownFileType = wrapper.framework; name = CoreGraphics.framework; path = System/Library/Frameworks/CoreGraphics.framework; sourceTree = SDKROOT; };
		758D207A17CD54D2002241ED /* PDGesturedTableView-Info.plist */ = {isa = PBXFileReference; lastKnownFileType = text.plist.xml; path = "PDGesturedTableView-Info.plist"; sourceTree = "<group>"; };
		758D207C17CD54D2002241ED /* en */ = {isa = PBXFileReference; lastKnownFileType = text.plist.strings; name = en; path = en.lproj/InfoPlist.strings; sourceTree = "<group>"; };
		758D207E17CD54D2002241ED /* main.m */ = {isa = PBXFileReference; lastKnownFileType = sourcecode.c.objc; path = main.m; sourceTree = "<group>"; };
		758D208017CD54D2002241ED /* PDGesturedTableView-Prefix.pch */ = {isa = PBXFileReference; lastKnownFileType = sourcecode.c.h; path = "PDGesturedTableView-Prefix.pch"; sourceTree = "<group>"; };
		758D208117CD54D2002241ED /* AppDelegate.h */ = {isa = PBXFileReference; lastKnownFileType = sourcecode.c.h; path = AppDelegate.h; sourceTree = "<group>"; };
		758D208217CD54D2002241ED /* AppDelegate.m */ = {isa = PBXFileReference; lastKnownFileType = sourcecode.c.objc; path = AppDelegate.m; sourceTree = "<group>"; };
		758D209217CD559E002241ED /* MainViewController.h */ = {isa = PBXFileReference; fileEncoding = 4; lastKnownFileType = sourcecode.c.h; path = MainViewController.h; sourceTree = "<group>"; };
		758D209317CD559E002241ED /* MainViewController.m */ = {isa = PBXFileReference; fileEncoding = 4; lastKnownFileType = sourcecode.c.objc; path = MainViewController.m; sourceTree = "<group>"; };
		758D20AE17CD793F002241ED /* SettingsViewController.h */ = {isa = PBXFileReference; fileEncoding = 4; lastKnownFileType = sourcecode.c.h; path = SettingsViewController.h; sourceTree = "<group>"; };
		758D20AF17CD793F002241ED /* SettingsViewController.m */ = {isa = PBXFileReference; fileEncoding = 4; lastKnownFileType = sourcecode.c.objc; path = SettingsViewController.m; sourceTree = "<group>"; };
		75D6A955186733D600A0C7BB /* MainNavigationBar.h */ = {isa = PBXFileReference; fileEncoding = 4; lastKnownFileType = sourcecode.c.h; path = MainNavigationBar.h; sourceTree = "<group>"; };
		75D6A956186733D600A0C7BB /* MainNavigationBar.m */ = {isa = PBXFileReference; fileEncoding = 4; lastKnownFileType = sourcecode.c.objc; path = MainNavigationBar.m; sourceTree = "<group>"; };
		75D6A95818674C6600A0C7BB /* Social.framework */ = {isa = PBXFileReference; lastKnownFileType = wrapper.framework; name = Social.framework; path = System/Library/Frameworks/Social.framework; sourceTree = SDKROOT; };
		75D6A97218677B4700A0C7BB /* TableViewBackgroundView.h */ = {isa = PBXFileReference; fileEncoding = 4; lastKnownFileType = sourcecode.c.h; path = TableViewBackgroundView.h; sourceTree = "<group>"; };
		75D6A97318677B4700A0C7BB /* TableViewBackgroundView.m */ = {isa = PBXFileReference; fileEncoding = 4; lastKnownFileType = sourcecode.c.objc; path = TableViewBackgroundView.m; sourceTree = "<group>"; };
		75D6A9781867808700A0C7BB /* Images.xcassets */ = {isa = PBXFileReference; lastKnownFileType = folder.assetcatalog; path = Images.xcassets; sourceTree = "<group>"; };
		75D6A97D18678CB100A0C7BB /* PDGesturedTableView.h */ = {isa = PBXFileReference; fileEncoding = 4; lastKnownFileType = sourcecode.c.h; path = PDGesturedTableView.h; sourceTree = "<group>"; };
		75D6A97E18678CB100A0C7BB /* PDGesturedTableView.m */ = {isa = PBXFileReference; fileEncoding = 4; lastKnownFileType = sourcecode.c.objc; path = PDGesturedTableView.m; sourceTree = "<group>"; };
		75F96EE01868C64C00C528C0 /* SettingsNavigationBar.h */ = {isa = PBXFileReference; fileEncoding = 4; lastKnownFileType = sourcecode.c.h; path = SettingsNavigationBar.h; sourceTree = "<group>"; };
		75F96EE11868C64C00C528C0 /* SettingsNavigationBar.m */ = {isa = PBXFileReference; fileEncoding = 4; lastKnownFileType = sourcecode.c.objc; path = SettingsNavigationBar.m; sourceTree = "<group>"; };
		A0742A8751914562BF98D168 /* Pods.xcconfig */ = {isa = PBXFileReference; includeInIndex = 1; lastKnownFileType = text.xcconfig; name = Pods.xcconfig; path = Pods/Pods.xcconfig; sourceTree = "<group>"; };
/* End PBXFileReference section */

/* Begin PBXFrameworksBuildPhase section */
		758D206C17CD54D2002241ED /* Frameworks */ = {
			isa = PBXFrameworksBuildPhase;
			buildActionMask = 2147483647;
			files = (
				75D6A95918674C6600A0C7BB /* Social.framework in Frameworks */,
				75BEF39E181D9D4A00972AE6 /* QuartzCore.framework in Frameworks */,
				758D207317CD54D2002241ED /* UIKit.framework in Frameworks */,
				758D207517CD54D2002241ED /* Foundation.framework in Frameworks */,
				758D207717CD54D2002241ED /* CoreGraphics.framework in Frameworks */,
				49E970DB88D944F1BA9E1DC0 /* libPods.a in Frameworks */,
			);
			runOnlyForDeploymentPostprocessing = 0;
		};
/* End PBXFrameworksBuildPhase section */

/* Begin PBXGroup section */
		758D206617CD54D2002241ED = {
			isa = PBXGroup;
			children = (
				758D207817CD54D2002241ED /* PDGesturedTableView */,
				758D207117CD54D2002241ED /* Frameworks */,
				758D207017CD54D2002241ED /* Products */,
				A0742A8751914562BF98D168 /* Pods.xcconfig */,
			);
			sourceTree = "<group>";
		};
		758D207017CD54D2002241ED /* Products */ = {
			isa = PBXGroup;
			children = (
				758D206F17CD54D2002241ED /* PDGesturedTableView.app */,
			);
			name = Products;
			sourceTree = "<group>";
		};
		758D207117CD54D2002241ED /* Frameworks */ = {
			isa = PBXGroup;
			children = (
				75D6A95818674C6600A0C7BB /* Social.framework */,
				75178F431812CCE10057781B /* QuartzCore.framework */,
				758D207217CD54D2002241ED /* UIKit.framework */,
				758D207417CD54D2002241ED /* Foundation.framework */,
				758D207617CD54D2002241ED /* CoreGraphics.framework */,
				51EE3AFB35EC465E91750FBF /* libPods.a */,
			);
			name = Frameworks;
			sourceTree = "<group>";
		};
		758D207817CD54D2002241ED /* PDGesturedTableView */ = {
			isa = PBXGroup;
			children = (
				758D208117CD54D2002241ED /* AppDelegate.h */,
				758D208217CD54D2002241ED /* AppDelegate.m */,
				75D6A97518677C8F00A0C7BB /* Hierarchy */,
				758D207917CD54D2002241ED /* Supporting Files */,
			);
			path = PDGesturedTableView;
			sourceTree = "<group>";
		};
		758D207917CD54D2002241ED /* Supporting Files */ = {
			isa = PBXGroup;
			children = (
				75D6A9781867808700A0C7BB /* Images.xcassets */,
				758D207A17CD54D2002241ED /* PDGesturedTableView-Info.plist */,
				758D207B17CD54D2002241ED /* InfoPlist.strings */,
				758D207E17CD54D2002241ED /* main.m */,
				758D208017CD54D2002241ED /* PDGesturedTableView-Prefix.pch */,
			);
			name = "Supporting Files";
			sourceTree = "<group>";
		};
		75D6A97518677C8F00A0C7BB /* Hierarchy */ = {
			isa = PBXGroup;
			children = (
				758D209217CD559E002241ED /* MainViewController.h */,
				758D209317CD559E002241ED /* MainViewController.m */,
				75D6A97618677C9D00A0C7BB /* Children */,
				758D20AE17CD793F002241ED /* SettingsViewController.h */,
				758D20AF17CD793F002241ED /* SettingsViewController.m */,
				75F96EE31868C65100C528C0 /* Children */,
			);
			name = Hierarchy;
			sourceTree = "<group>";
		};
		75D6A97618677C9D00A0C7BB /* Children */ = {
			isa = PBXGroup;
			children = (
				75D6A955186733D600A0C7BB /* MainNavigationBar.h */,
				75D6A956186733D600A0C7BB /* MainNavigationBar.m */,
				75D6A97D18678CB100A0C7BB /* PDGesturedTableView.h */,
				75D6A97E18678CB100A0C7BB /* PDGesturedTableView.m */,
				75D6A97718677CA500A0C7BB /* Children */,
			);
			name = Children;
			sourceTree = "<group>";
		};
		75D6A97718677CA500A0C7BB /* Children */ = {
			isa = PBXGroup;
			children = (
				75D6A97218677B4700A0C7BB /* TableViewBackgroundView.h */,
				75D6A97318677B4700A0C7BB /* TableViewBackgroundView.m */,
			);
			name = Children;
			sourceTree = "<group>";
		};
		75F96EE31868C65100C528C0 /* Children */ = {
			isa = PBXGroup;
			children = (
				75F96EE01868C64C00C528C0 /* SettingsNavigationBar.h */,
				75F96EE11868C64C00C528C0 /* SettingsNavigationBar.m */,
			);
			name = Children;
			sourceTree = "<group>";
		};
/* End PBXGroup section */

/* Begin PBXNativeTarget section */
		758D206E17CD54D2002241ED /* PDGesturedTableView */ = {
			isa = PBXNativeTarget;
			buildConfigurationList = 758D208C17CD54D2002241ED /* Build configuration list for PBXNativeTarget "PDGesturedTableView" */;
			buildPhases = (
				D5E85D1598BD427B835964E3 /* Check Pods Manifest.lock */,
				758D206B17CD54D2002241ED /* Sources */,
				758D206C17CD54D2002241ED /* Frameworks */,
				758D206D17CD54D2002241ED /* Resources */,
				DB2813A35BB343AF95AE7BB8 /* Copy Pods Resources */,
			);
			buildRules = (
			);
			dependencies = (
			);
			name = PDGesturedTableView;
			productName = PDGesturedTableView;
			productReference = 758D206F17CD54D2002241ED /* PDGesturedTableView.app */;
			productType = "com.apple.product-type.application";
		};
/* End PBXNativeTarget section */

/* Begin PBXProject section */
		758D206717CD54D2002241ED /* Project object */ = {
			isa = PBXProject;
			attributes = {
				LastUpgradeCheck = 0460;
				ORGANIZATIONNAME = "David Román Aguirre";
				TargetAttributes = {
					758D206E17CD54D2002241ED = {
						DevelopmentTeam = 928NVD8D9L;
					};
				};
			};
			buildConfigurationList = 758D206A17CD54D2002241ED /* Build configuration list for PBXProject "PDGesturedTableView" */;
			compatibilityVersion = "Xcode 3.2";
			developmentRegion = English;
			hasScannedForEncodings = 0;
			knownRegions = (
				en,
			);
			mainGroup = 758D206617CD54D2002241ED;
			productRefGroup = 758D207017CD54D2002241ED /* Products */;
			projectDirPath = "";
			projectRoot = "";
			targets = (
				758D206E17CD54D2002241ED /* PDGesturedTableView */,
			);
		};
/* End PBXProject section */

/* Begin PBXResourcesBuildPhase section */
		758D206D17CD54D2002241ED /* Resources */ = {
			isa = PBXResourcesBuildPhase;
			buildActionMask = 2147483647;
			files = (
				758D207D17CD54D2002241ED /* InfoPlist.strings in Resources */,
				75D6A9791867808700A0C7BB /* Images.xcassets in Resources */,
			);
			runOnlyForDeploymentPostprocessing = 0;
		};
/* End PBXResourcesBuildPhase section */

/* Begin PBXShellScriptBuildPhase section */
		D5E85D1598BD427B835964E3 /* Check Pods Manifest.lock */ = {
			isa = PBXShellScriptBuildPhase;
			buildActionMask = 2147483647;
			files = (
			);
			inputPaths = (
			);
			name = "Check Pods Manifest.lock";
			outputPaths = (
			);
			runOnlyForDeploymentPostprocessing = 0;
			shellPath = /bin/sh;
			shellScript = "diff \"${PODS_ROOT}/../Podfile.lock\" \"${PODS_ROOT}/Manifest.lock\" > /dev/null\nif [[ $? != 0 ]] ; then\n    cat << EOM\nerror: The sandbox is not in sync with the Podfile.lock. Run 'pod install' or update your CocoaPods installation.\nEOM\n    exit 1\nfi\n";
			showEnvVarsInLog = 0;
		};
		DB2813A35BB343AF95AE7BB8 /* Copy Pods Resources */ = {
			isa = PBXShellScriptBuildPhase;
			buildActionMask = 2147483647;
			files = (
			);
			inputPaths = (
			);
			name = "Copy Pods Resources";
			outputPaths = (
			);
			runOnlyForDeploymentPostprocessing = 0;
			shellPath = /bin/sh;
			shellScript = "\"${SRCROOT}/Pods/Pods-resources.sh\"\n";
			showEnvVarsInLog = 0;
		};
/* End PBXShellScriptBuildPhase section */

/* Begin PBXSourcesBuildPhase section */
		758D206B17CD54D2002241ED /* Sources */ = {
			isa = PBXSourcesBuildPhase;
			buildActionMask = 2147483647;
			files = (
				75F96EE21868C64C00C528C0 /* SettingsNavigationBar.m in Sources */,
				75D6A957186733D600A0C7BB /* MainNavigationBar.m in Sources */,
				75D6A97418677B4700A0C7BB /* TableViewBackgroundView.m in Sources */,
				758D207F17CD54D2002241ED /* main.m in Sources */,
				758D208317CD54D2002241ED /* AppDelegate.m in Sources */,
				75D6A97F18678CB100A0C7BB /* PDGesturedTableView.m in Sources */,
				758D209417CD559E002241ED /* MainViewController.m in Sources */,
				758D20B017CD793F002241ED /* SettingsViewController.m in Sources */,
			);
			runOnlyForDeploymentPostprocessing = 0;
		};
/* End PBXSourcesBuildPhase section */

/* Begin PBXVariantGroup section */
		758D207B17CD54D2002241ED /* InfoPlist.strings */ = {
			isa = PBXVariantGroup;
			children = (
				758D207C17CD54D2002241ED /* en */,
			);
			name = InfoPlist.strings;
			sourceTree = "<group>";
		};
/* End PBXVariantGroup section */

/* Begin XCBuildConfiguration section */
		758D208A17CD54D2002241ED /* Debug */ = {
			isa = XCBuildConfiguration;
			buildSettings = {
				ALWAYS_SEARCH_USER_PATHS = NO;
				CLANG_CXX_LANGUAGE_STANDARD = "gnu++0x";
				CLANG_CXX_LIBRARY = "libc++";
				CLANG_ENABLE_OBJC_ARC = YES;
				CLANG_WARN_CONSTANT_CONVERSION = YES;
				CLANG_WARN_EMPTY_BODY = YES;
				CLANG_WARN_ENUM_CONVERSION = YES;
				CLANG_WARN_INT_CONVERSION = YES;
				CLANG_WARN__DUPLICATE_METHOD_MATCH = YES;
				"CODE_SIGN_IDENTITY[sdk=iphoneos*]" = "iPhone Developer";
				COPY_PHASE_STRIP = NO;
				GCC_C_LANGUAGE_STANDARD = gnu99;
				GCC_DYNAMIC_NO_PIC = NO;
				GCC_OPTIMIZATION_LEVEL = 0;
				GCC_PREPROCESSOR_DEFINITIONS = (
					"DEBUG=1",
					"$(inherited)",
				);
				GCC_SYMBOLS_PRIVATE_EXTERN = NO;
				GCC_WARN_ABOUT_RETURN_TYPE = YES;
				GCC_WARN_UNINITIALIZED_AUTOS = YES;
				GCC_WARN_UNUSED_VARIABLE = YES;
				IPHONEOS_DEPLOYMENT_TARGET = 7.0;
				ONLY_ACTIVE_ARCH = YES;
				SDKROOT = iphoneos;
			};
			name = Debug;
		};
		758D208B17CD54D2002241ED /* Release */ = {
			isa = XCBuildConfiguration;
			buildSettings = {
				ALWAYS_SEARCH_USER_PATHS = NO;
				CLANG_CXX_LANGUAGE_STANDARD = "gnu++0x";
				CLANG_CXX_LIBRARY = "libc++";
				CLANG_ENABLE_OBJC_ARC = YES;
				CLANG_WARN_CONSTANT_CONVERSION = YES;
				CLANG_WARN_EMPTY_BODY = YES;
				CLANG_WARN_ENUM_CONVERSION = YES;
				CLANG_WARN_INT_CONVERSION = YES;
				CLANG_WARN__DUPLICATE_METHOD_MATCH = YES;
				"CODE_SIGN_IDENTITY[sdk=iphoneos*]" = "iPhone Developer";
				COPY_PHASE_STRIP = YES;
				GCC_C_LANGUAGE_STANDARD = gnu99;
				GCC_WARN_ABOUT_RETURN_TYPE = YES;
				GCC_WARN_UNINITIALIZED_AUTOS = YES;
				GCC_WARN_UNUSED_VARIABLE = YES;
				IPHONEOS_DEPLOYMENT_TARGET = 7.0;
				OTHER_CFLAGS = "-DNS_BLOCK_ASSERTIONS=1";
				SDKROOT = iphoneos;
				VALIDATE_PRODUCT = YES;
			};
			name = Release;
		};
		758D208D17CD54D2002241ED /* Debug */ = {
			isa = XCBuildConfiguration;
			baseConfigurationReference = A0742A8751914562BF98D168 /* Pods.xcconfig */;
			buildSettings = {
				ASSETCATALOG_COMPILER_APPICON_NAME = AppIcon;
				ASSETCATALOG_COMPILER_LAUNCHIMAGE_NAME = LaunchImage;
				CODE_SIGN_IDENTITY = "iPhone Developer";
				"CODE_SIGN_IDENTITY[sdk=iphoneos*]" = "iPhone Developer";
				GCC_PRECOMPILE_PREFIX_HEADER = YES;
				GCC_PREFIX_HEADER = "PDGesturedTableView/PDGesturedTableView-Prefix.pch";
				INFOPLIST_FILE = "PDGesturedTableView/PDGesturedTableView-Info.plist";
				IPHONEOS_DEPLOYMENT_TARGET = 7.0;
				PRODUCT_NAME = "$(TARGET_NAME)";
				PROVISIONING_PROFILE = "";
				WRAPPER_EXTENSION = app;
			};
			name = Debug;
		};
		758D208E17CD54D2002241ED /* Release */ = {
			isa = XCBuildConfiguration;
			baseConfigurationReference = A0742A8751914562BF98D168 /* Pods.xcconfig */;
			buildSettings = {
				ASSETCATALOG_COMPILER_APPICON_NAME = AppIcon;
				ASSETCATALOG_COMPILER_LAUNCHIMAGE_NAME = LaunchImage;
				CODE_SIGN_IDENTITY = "iPhone Developer";
				"CODE_SIGN_IDENTITY[sdk=iphoneos*]" = "iPhone Developer";
				GCC_PRECOMPILE_PREFIX_HEADER = YES;
				GCC_PREFIX_HEADER = "PDGesturedTableView/PDGesturedTableView-Prefix.pch";
				INFOPLIST_FILE = "PDGesturedTableView/PDGesturedTableView-Info.plist";
				IPHONEOS_DEPLOYMENT_TARGET = 7.0;
				PRODUCT_NAME = "$(TARGET_NAME)";
				PROVISIONING_PROFILE = "";
				WRAPPER_EXTENSION = app;
			};
			name = Release;
		};
/* End XCBuildConfiguration section */

/* Begin XCConfigurationList section */
		758D206A17CD54D2002241ED /* Build configuration list for PBXProject "PDGesturedTableView" */ = {
			isa = XCConfigurationList;
			buildConfigurations = (
				758D208A17CD54D2002241ED /* Debug */,
				758D208B17CD54D2002241ED /* Release */,
			);
			defaultConfigurationIsVisible = 0;
			defaultConfigurationName = Release;
		};
		758D208C17CD54D2002241ED /* Build configuration list for PBXNativeTarget "PDGesturedTableView" */ = {
			isa = XCConfigurationList;
			buildConfigurations = (
				758D208D17CD54D2002241ED /* Debug */,
				758D208E17CD54D2002241ED /* Release */,
			);
			defaultConfigurationIsVisible = 0;
			defaultConfigurationName = Release;
		};
/* End XCConfigurationList section */
	};
	rootObject = 758D206717CD54D2002241ED /* Project object */;
}
